
Microsoft Visual Studio Solution File, Format Version 12.00
# Visual Studio Version 17
VisualStudioVersion = 17.11.35303.130
MinimumVisualStudioVersion = 10.0.40219.1
Project("{FAE04EC0-301F-11D3-BF4B-00C04F79EFBC}") = "EmployeePortal", "EmployeePortal\EmployeePortal.csproj", "{E1C1BC15-D713-44C3-A054-D648356C2F46}"
EndProject
Global
	GlobalSection(SolutionConfigurationPlatforms) = preSolution
		Debug|Any CPU = Debug|Any CPU
		Release|Any CPU = Release|Any CPU
	EndGlobalSection
	GlobalSection(ProjectConfigurationPlatforms) = postSolution
		{E1C1BC15-D713-44C3-A054-D648356C2F46}.Debug|Any CPU.ActiveCfg = Debug|Any CPU
		{E1C1BC15-D713-44C3-A054-D648356C2F46}.Debug|Any CPU.Build.0 = Debug|Any CPU
		{E1C1BC15-D713-44C3-A054-D648356C2F46}.Release|Any CPU.ActiveCfg = Release|Any CPU
		{E1C1BC15-D713-44C3-A054-D648356C2F46}.Release|Any CPU.Build.0 = Release|Any CPU
	EndGlobalSection
	GlobalSection(SolutionProperties) = preSolution
		HideSolutionNode = FALSE
	EndGlobalSection
	GlobalSection(ExtensibilityGlobals) = postSolution
		SolutionGuid = {73403B47-A2DF-4D8F-A669-A53544934CA7}
	EndGlobalSection
EndGlobal
